<?xml version="1.0" encoding="UTF-8" standalone="yes" ?>
<CodeBlocks_project_file>
	<FileVersion major="1" minor="6" />
	<Project>
		<Option title="Updater" />
		<Option pch_mode="2" />
		<Option compiler="gcc" />
		<Build>
			<Target title="Debug">
				<Option output="LemnosLife - MAJ" prefix_auto="1" extension_auto="1" />
				<Option object_output="obj/Debug/" />
				<Option type="0" />
				<Option compiler="gcc" />
				<Option projectCompilerOptionsRelation="-1" />
				<Compiler>
					<Add directory="LIBS/SDL2-2.26.4/x86_64-w64-mingw32/include" />
					<Add directory="LIBS/SDL2_image-2.6.3/x86_64-w64-mingw32/include" />
					<Add directory="LIBS/SDL2-2.26.4/x86_64-w64-mingw32/include/SDL2" />
					<Add directory="LIBS/SDL2_ttf-2.0.15/x86_64-w64-mingw32/include" />
					<Add directory="LIBS/curl-8.0.1_4-win64-mingw/include" />
				</Compiler>
				<Linker>
					<Add option="-lmingw32" />
					<Add option="-lSDL2main" />
					<Add option="-lSDL2" />
					<Add option="-lSDL2_ttf" />
					<Add option="-lSDL2_image" />
					<Add option="-lcurl" />
					<Add option="-lopengl32" />
					<Add option="-lglu32" />
					<Add directory="LIBS/SDL2-2.26.4/x86_64-w64-mingw32/lib" />
					<Add directory="LIBS/SDL2_ttf-2.0.15/x86_64-w64-mingw32/lib" />
					<Add directory="LIBS/curl-8.0.1_4-win64-mingw/lib" />
					<Add directory="LIBS/SDL2_image-2.6.3/x86_64-w64-mingw32/lib" />
				</Linker>
				<MakeCommands>
					<Build command="" />
					<CompileFile command="" />
					<Clean command="" />
					<DistClean command="" />
					<AskRebuildNeeded command="" />
					<SilentBuild command=" &gt; $(CMD_NULL)" />
				</MakeCommands>
			</Target>
			<Target title="Release">
				<Option output="LemnosLife - MAJ" prefix_auto="1" extension_auto="1" />
				<Option object_output="obj/Release/" />
				<Option type="0" />
				<Option compiler="gcc" />
				<Compiler>
					<Add option="-O2" />
					<Add option="-U__STRICT_ANSI__" />
				</Compiler>
				<Linker>
					<Add option="-s" />
				</Linker>
			</Target>
		</Build>
		<Compiler>
			<Add option="-Wall" />
		</Compiler>
		<Unit filename="main.cpp" />
		<Unit filename="ressources.rc">
			<Option compilerVar="WINDRES" />
		</Unit>
		<Unit filename="unzip.cpp" />
		<Unit filename="unzip.h" />
		<Extensions>
			<lib_finder disable_auto="1" />
		</Extensions>
	</Project>
</CodeBlocks_project_file>
